<?xml version="1.0" encoding="utf-8"?>
<Project ToolsVersion="4.0" xmlns="http://schemas.microsoft.com/developer/msbuild/2003">
  <ItemGroup>
    <Filter Include="Quelldateien">
      <UniqueIdentifier>{4FC737F1-C7A5-4376-A066-2A32D752A2FF}</UniqueIdentifier>
      <Extensions>cpp;c;cc;cxx;def;odl;idl;hpj;bat;asm;asmx</Extensions>
    </Filter>
    <Filter Include="Headerdateien">
      <UniqueIdentifier>{93995380-89BD-4b04-88EB-625FBE52EBFB}</UniqueIdentifier>
      <Extensions>h;hh;hpp;hxx;hm;inl;inc;ipp;xsd</Extensions>
    </Filter>
    <Filter Include="Ressourcendateien">
      <UniqueIdentifier>{67DA6AB6-F800-4c08-8B7A-83BB121AAD01}</UniqueIdentifier>
      <Extensions>rc;ico;cur;bmp;dlg;rc2;rct;bin;rgs;gif;jpg;jpeg;jpe;resx;tiff;tif;png;wav;mfcribbon-ms</Extensions>
    </Filter>
  </ItemGroup>
  <ItemGroup>
    <ClCompile Include="input_simulator.cpp">
      <Filter>Quelldateien</Filter>
    </ClCompile>
    <ClCompile Include="tcp_connection.cpp">
      <Filter>Quelldateien</Filter>
    </ClCompile>
    <ClCompile Include="main.cpp">
      <Filter>Quelldateien</Filter>
    </ClCompile>
  </ItemGroup>
  <ItemGroup>
    <ClInclude Include="resource.h">
      <Filter>Headerdateien</Filter>
    </ClInclude>
    <ClInclude Include="input_simulator.h">
      <Filter>Headerdateien</Filter>
    </ClInclude>
    <ClInclude Include="tcp_connection.h">
      <Filter>Headerdateien</Filter>
    </ClInclude>
    <ClInclude Include="main.h">
      <Filter>Headerdateien</Filter>
    </ClInclude>
    <ClInclude Include="stdafx.h">
      <Filter>Headerdateien</Filter>
    </ClInclude>
    <ClInclude Include="Debug.h">
      <Filter>Headerdateien</Filter>
    </ClInclude>
  </ItemGroup>
  <ItemGroup>
    <ResourceCompile Include="ZyHelperBeta.rc">
      <Filter>Ressourcendateien</Filter>
    </ResourceCompile>
  </ItemGroup>
  <ItemGroup>
    <Image Include="bitmap1.bmp">
      <Filter>Ressourcendateien</Filter>
    </Image>
    <Image Include="bitmap2.bmp">
      <Filter>Ressourcendateien</Filter>
    </Image>
    <Image Include="SkillPictures\IP.bmp">
      <Filter>Ressourcendateien</Filter>
    </Image>
    <Image Include="SkillPictures\Ignore_Pain.bmp">
      <Filter>Ressourcendateien</Filter>
    </Image>
    <Image Include="SkillPictures\Sprint.bmp">
      <Filter>Ressourcendateien</Filter>
    </Image>
    <Image Include="SkillPictures\Threatening_Shout.bmp">
      <Filter>Ressourcendateien</Filter>
    </Image>
    <Image Include="SkillPictures\War_Cry.bmp">
      <Filter>Ressourcendateien</Filter>
    </Image>
    <Image Include="SkillPictures\Wrath_of_the_Berserker.bmp">
      <Filter>Ressourcendateien</Filter>
    </Image>
    <Image Include="SkillPictures\Breath_of_Heaven.bmp">
      <Filter>Ressourcendateien</Filter>
    </Image>
    <Image Include="SkillPictures\Epiphany.bmp">
      <Filter>Ressourcendateien</Filter>
    </Image>
    <Image Include="SkillPictures\Mantra_of_Conviction.bmp">
      <Filter>Ressourcendateien</Filter>
    </Image>
    <Image Include="SkillPictures\Mantra_of_Healing.bmp">
      <Filter>Ressourcendateien</Filter>
    </Image>
    <Image Include="SkillPictures\Sweeping_Wind.bmp">
      <Filter>Ressourcendateien</Filter>
    </Image>
    <Image Include="SkillPictures\BoneArmorNIcon.bmp">
      <Filter>Ressourcendateien</Filter>
    </Image>
    <Image Include="SkillPictures\IconLandoftheDead.bmp">
      <Filter>Ressourcendateien</Filter>
    </Image>
    <Image Include="SkillPictures\Bottomless_Potion_of_Kulle-Aid.bmp">
      <Filter>Ressourcendateien</Filter>
    </Image>
  </ItemGroup>
</Project>